
Microsoft Visual Studio Solution File, Format Version 12.00
# Visual Studio Version 16
VisualStudioVersion = 16.0.34902.97
MinimumVisualStudioVersion = 10.0.40219.1
Project("{FAE04EC0-301F-11D3-BF4B-00C04F79EFBC}") = "Form", "Form\Form.csproj", "{91E36665-5D5D-4E00-B240-90217E7F3432}"
EndProject
Global
	GlobalSection(SolutionConfigurationPlatforms) = preSolution
		Debug|Any CPU = Debug|Any CPU
		Release|Any CPU = Release|Any CPU
	EndGlobalSection
	GlobalSection(ProjectConfigurationPlatforms) = postSolution
		{91E36665-5D5D-4E00-B240-90217E7F3432}.Debug|Any CPU.ActiveCfg = Debug|Any CPU
		{91E36665-5D5D-4E00-B240-90217E7F3432}.Debug|Any CPU.Build.0 = Debug|Any CPU
		{91E36665-5D5D-4E00-B240-90217E7F3432}.Release|Any CPU.ActiveCfg = Release|Any CPU
		{91E36665-5D5D-4E00-B240-90217E7F3432}.Release|Any CPU.Build.0 = Release|Any CPU
	EndGlobalSection
	GlobalSection(SolutionProperties) = preSolution
		HideSolutionNode = FALSE
	EndGlobalSection
	GlobalSection(ExtensibilityGlobals) = postSolution
		SolutionGuid = {0B123781-A918-4592-B3B5-A407C87CA13B}
	EndGlobalSection
EndGlobal
